
Microsoft Visual Studio Solution File, Format Version 12.00
# Visual Studio 15
VisualStudioVersion = 15.0.28307.106
MinimumVisualStudioVersion = 10.0.40219.1
Project("{8BC9CEB8-8B4A-11D0-8D11-00A0C91BC942}") = "001 Mat", "001 Mat\001 Mat.vcxproj", "{06603961-E732-44DA-B1DF-71C48D25B289}"
EndProject
Project("{8BC9CEB8-8B4A-11D0-8D11-00A0C91BC942}") = "002 PrintMat", "002 PrintMat\002 PrintMat.vcxproj", "{75944E71-485A-4C52-A62F-7BA558773FAF}"
EndProject
Project("{8BC9CEB8-8B4A-11D0-8D11-00A0C91BC942}") = "003 PrintOthers", "003 PrintOthers\003 PrintOthers.vcxproj", "{553132C9-DB0E-44FB-B011-CEC11972843D}"
EndProject
Project("{8BC9CEB8-8B4A-11D0-8D11-00A0C91BC942}") = "004 BasicStruct", "004 BasicStruct\004 BasicStruct.vcxproj", "{45257C19-D651-4064-8567-780B3D7943BF}"
EndProject
Project("{8BC9CEB8-8B4A-11D0-8D11-00A0C91BC942}") = "005 BasicShape", "005 BasicShape\005 BasicShape.vcxproj", "{1EB1D289-3780-40DB-A0D6-C03A914DFB32}"
EndProject
Project("{8BC9CEB8-8B4A-11D0-8D11-00A0C91BC942}") = "006 PixerOperation", "006 PixerOperation\006 PixerOperation.vcxproj", "{A6503589-39C4-40B2-BF0C-05197A238562}"
EndProject
Project("{8BC9CEB8-8B4A-11D0-8D11-00A0C91BC942}") = "007 ColorReduce", "007 ColorReduce\007 ColorReduce.vcxproj", "{77FCFB18-4FC4-42C3-B689-98371CF301B9}"
EndProject
Project("{8BC9CEB8-8B4A-11D0-8D11-00A0C91BC942}") = "008 ROI", "008 ROI\008 ROI.vcxproj", "{16F1F315-C3B6-46CE-B301-6B0D8E3DF6A0}"
EndProject
Project("{8BC9CEB8-8B4A-11D0-8D11-00A0C91BC942}") = "009 LinearBlending", "009 LinearBlending\009 LinearBlending.vcxproj", "{DB73BDFC-A503-45A5-9FB8-29E996FBBC8B}"
EndProject
Project("{8BC9CEB8-8B4A-11D0-8D11-00A0C91BC942}") = "010 Channels", "010 Channels\010 Channels.vcxproj", "{46D3E2D9-D2F3-461C-B452-42E77F2012C7}"
EndProject
Project("{8BC9CEB8-8B4A-11D0-8D11-00A0C91BC942}") = "011 Luminance_and_Contrast", "011 Luminance_and_Contrast\011 Luminance_and_Contrast.vcxproj", "{38ED00BF-0D0F-4A7A-B22B-C782B46D5C45}"
EndProject
Project("{8BC9CEB8-8B4A-11D0-8D11-00A0C91BC942}") = "012 DFT", "012 DFT\012 DFT.vcxproj", "{6419CB50-E1C6-4B33-9E7D-D9AF154FE3F9}"
EndProject
Project("{8BC9CEB8-8B4A-11D0-8D11-00A0C91BC942}") = "013 XML", "013 XML\013 XML.vcxproj", "{B5DA7E1D-A201-41CB-A3A0-31C6B337433D}"
EndProject
Project("{8BC9CEB8-8B4A-11D0-8D11-00A0C91BC942}") = "014 Filters", "014 Filters\014 Filters.vcxproj", "{41F3B4A5-A3CA-4DE5-A222-4B0FFC739334}"
EndProject
Project("{8BC9CEB8-8B4A-11D0-8D11-00A0C91BC942}") = "015 Dilate_and_Erode", "015 Dilate_and_Erode\015 Dilate_and_Erode.vcxproj", "{5F9CC672-1AE0-48DC-B9C3-B436A38BAD4D}"
EndProject
Global
	GlobalSection(SolutionConfigurationPlatforms) = preSolution
		Debug|x64 = Debug|x64
		Debug|x86 = Debug|x86
		Release|x64 = Release|x64
		Release|x86 = Release|x86
	EndGlobalSection
	GlobalSection(ProjectConfigurationPlatforms) = postSolution
		{06603961-E732-44DA-B1DF-71C48D25B289}.Debug|x64.ActiveCfg = Debug|x64
		{06603961-E732-44DA-B1DF-71C48D25B289}.Debug|x64.Build.0 = Debug|x64
		{06603961-E732-44DA-B1DF-71C48D25B289}.Debug|x86.ActiveCfg = Debug|Win32
		{06603961-E732-44DA-B1DF-71C48D25B289}.Debug|x86.Build.0 = Debug|Win32
		{06603961-E732-44DA-B1DF-71C48D25B289}.Release|x64.ActiveCfg = Release|x64
		{06603961-E732-44DA-B1DF-71C48D25B289}.Release|x64.Build.0 = Release|x64
		{06603961-E732-44DA-B1DF-71C48D25B289}.Release|x86.ActiveCfg = Release|Win32
		{06603961-E732-44DA-B1DF-71C48D25B289}.Release|x86.Build.0 = Release|Win32
		{75944E71-485A-4C52-A62F-7BA558773FAF}.Debug|x64.ActiveCfg = Debug|x64
		{75944E71-485A-4C52-A62F-7BA558773FAF}.Debug|x64.Build.0 = Debug|x64
		{75944E71-485A-4C52-A62F-7BA558773FAF}.Debug|x86.ActiveCfg = Debug|Win32
		{75944E71-485A-4C52-A62F-7BA558773FAF}.Debug|x86.Build.0 = Debug|Win32
		{75944E71-485A-4C52-A62F-7BA558773FAF}.Release|x64.ActiveCfg = Release|x64
		{75944E71-485A-4C52-A62F-7BA558773FAF}.Release|x64.Build.0 = Release|x64
		{75944E71-485A-4C52-A62F-7BA558773FAF}.Release|x86.ActiveCfg = Release|Win32
		{75944E71-485A-4C52-A62F-7BA558773FAF}.Release|x86.Build.0 = Release|Win32
		{553132C9-DB0E-44FB-B011-CEC11972843D}.Debug|x64.ActiveCfg = Debug|x64
		{553132C9-DB0E-44FB-B011-CEC11972843D}.Debug|x64.Build.0 = Debug|x64
		{553132C9-DB0E-44FB-B011-CEC11972843D}.Debug|x86.ActiveCfg = Debug|Win32
		{553132C9-DB0E-44FB-B011-CEC11972843D}.Debug|x86.Build.0 = Debug|Win32
		{553132C9-DB0E-44FB-B011-CEC11972843D}.Release|x64.ActiveCfg = Release|x64
		{553132C9-DB0E-44FB-B011-CEC11972843D}.Release|x64.Build.0 = Release|x64
		{553132C9-DB0E-44FB-B011-CEC11972843D}.Release|x86.ActiveCfg = Release|Win32
		{553132C9-DB0E-44FB-B011-CEC11972843D}.Release|x86.Build.0 = Release|Win32
		{45257C19-D651-4064-8567-780B3D7943BF}.Debug|x64.ActiveCfg = Debug|x64
		{45257C19-D651-4064-8567-780B3D7943BF}.Debug|x64.Build.0 = Debug|x64
		{45257C19-D651-4064-8567-780B3D7943BF}.Debug|x86.ActiveCfg = Debug|Win32
		{45257C19-D651-4064-8567-780B3D7943BF}.Debug|x86.Build.0 = Debug|Win32
		{45257C19-D651-4064-8567-780B3D7943BF}.Release|x64.ActiveCfg = Release|x64
		{45257C19-D651-4064-8567-780B3D7943BF}.Release|x64.Build.0 = Release|x64
		{45257C19-D651-4064-8567-780B3D7943BF}.Release|x86.ActiveCfg = Release|Win32
		{45257C19-D651-4064-8567-780B3D7943BF}.Release|x86.Build.0 = Release|Win32
		{1EB1D289-3780-40DB-A0D6-C03A914DFB32}.Debug|x64.ActiveCfg = Debug|x64
		{1EB1D289-3780-40DB-A0D6-C03A914DFB32}.Debug|x64.Build.0 = Debug|x64
		{1EB1D289-3780-40DB-A0D6-C03A914DFB32}.Debug|x86.ActiveCfg = Debug|Win32
		{1EB1D289-3780-40DB-A0D6-C03A914DFB32}.Debug|x86.Build.0 = Debug|Win32
		{1EB1D289-3780-40DB-A0D6-C03A914DFB32}.Release|x64.ActiveCfg = Release|x64
		{1EB1D289-3780-40DB-A0D6-C03A914DFB32}.Release|x64.Build.0 = Release|x64
		{1EB1D289-3780-40DB-A0D6-C03A914DFB32}.Release|x86.ActiveCfg = Release|Win32
		{1EB1D289-3780-40DB-A0D6-C03A914DFB32}.Release|x86.Build.0 = Release|Win32
		{A6503589-39C4-40B2-BF0C-05197A238562}.Debug|x64.ActiveCfg = Debug|x64
		{A6503589-39C4-40B2-BF0C-05197A238562}.Debug|x64.Build.0 = Debug|x64
		{A6503589-39C4-40B2-BF0C-05197A238562}.Debug|x86.ActiveCfg = Debug|Win32
		{A6503589-39C4-40B2-BF0C-05197A238562}.Debug|x86.Build.0 = Debug|Win32
		{A6503589-39C4-40B2-BF0C-05197A238562}.Release|x64.ActiveCfg = Release|x64
		{A6503589-39C4-40B2-BF0C-05197A238562}.Release|x64.Build.0 = Release|x64
		{A6503589-39C4-40B2-BF0C-05197A238562}.Release|x86.ActiveCfg = Release|Win32
		{A6503589-39C4-40B2-BF0C-05197A238562}.Release|x86.Build.0 = Release|Win32
		{77FCFB18-4FC4-42C3-B689-98371CF301B9}.Debug|x64.ActiveCfg = Debug|x64
		{77FCFB18-4FC4-42C3-B689-98371CF301B9}.Debug|x64.Build.0 = Debug|x64
		{77FCFB18-4FC4-42C3-B689-98371CF301B9}.Debug|x86.ActiveCfg = Debug|Win32
		{77FCFB18-4FC4-42C3-B689-98371CF301B9}.Debug|x86.Build.0 = Debug|Win32
		{77FCFB18-4FC4-42C3-B689-98371CF301B9}.Release|x64.ActiveCfg = Release|x64
		{77FCFB18-4FC4-42C3-B689-98371CF301B9}.Release|x64.Build.0 = Release|x64
		{77FCFB18-4FC4-42C3-B689-98371CF301B9}.Release|x86.ActiveCfg = Release|Win32
		{77FCFB18-4FC4-42C3-B689-98371CF301B9}.Release|x86.Build.0 = Release|Win32
		{16F1F315-C3B6-46CE-B301-6B0D8E3DF6A0}.Debug|x64.ActiveCfg = Debug|x64
		{16F1F315-C3B6-46CE-B301-6B0D8E3DF6A0}.Debug|x64.Build.0 = Debug|x64
		{16F1F315-C3B6-46CE-B301-6B0D8E3DF6A0}.Debug|x86.ActiveCfg = Debug|Win32
		{16F1F315-C3B6-46CE-B301-6B0D8E3DF6A0}.Debug|x86.Build.0 = Debug|Win32
		{16F1F315-C3B6-46CE-B301-6B0D8E3DF6A0}.Release|x64.ActiveCfg = Release|x64
		{16F1F315-C3B6-46CE-B301-6B0D8E3DF6A0}.Release|x64.Build.0 = Release|x64
		{16F1F315-C3B6-46CE-B301-6B0D8E3DF6A0}.Release|x86.ActiveCfg = Release|Win32
		{16F1F315-C3B6-46CE-B301-6B0D8E3DF6A0}.Release|x86.Build.0 = Release|Win32
		{DB73BDFC-A503-45A5-9FB8-29E996FBBC8B}.Debug|x64.ActiveCfg = Debug|x64
		{DB73BDFC-A503-45A5-9FB8-29E996FBBC8B}.Debug|x64.Build.0 = Debug|x64
		{DB73BDFC-A503-45A5-9FB8-29E996FBBC8B}.Debug|x86.ActiveCfg = Debug|Win32
		{DB73BDFC-A503-45A5-9FB8-29E996FBBC8B}.Debug|x86.Build.0 = Debug|Win32
		{DB73BDFC-A503-45A5-9FB8-29E996FBBC8B}.Release|x64.ActiveCfg = Release|x64
		{DB73BDFC-A503-45A5-9FB8-29E996FBBC8B}.Release|x64.Build.0 = Release|x64
		{DB73BDFC-A503-45A5-9FB8-29E996FBBC8B}.Release|x86.ActiveCfg = Release|Win32
		{DB73BDFC-A503-45A5-9FB8-29E996FBBC8B}.Release|x86.Build.0 = Release|Win32
		{46D3E2D9-D2F3-461C-B452-42E77F2012C7}.Debug|x64.ActiveCfg = Debug|x64
		{46D3E2D9-D2F3-461C-B452-42E77F2012C7}.Debug|x64.Build.0 = Debug|x64
		{46D3E2D9-D2F3-461C-B452-42E77F2012C7}.Debug|x86.ActiveCfg = Debug|Win32
		{46D3E2D9-D2F3-461C-B452-42E77F2012C7}.Debug|x86.Build.0 = Debug|Win32
		{46D3E2D9-D2F3-461C-B452-42E77F2012C7}.Release|x64.ActiveCfg = Release|x64
		{46D3E2D9-D2F3-461C-B452-42E77F2012C7}.Release|x64.Build.0 = Release|x64
		{46D3E2D9-D2F3-461C-B452-42E77F2012C7}.Release|x86.ActiveCfg = Release|Win32
		{46D3E2D9-D2F3-461C-B452-42E77F2012C7}.Release|x86.Build.0 = Release|Win32
		{38ED00BF-0D0F-4A7A-B22B-C782B46D5C45}.Debug|x64.ActiveCfg = Debug|x64
		{38ED00BF-0D0F-4A7A-B22B-C782B46D5C45}.Debug|x64.Build.0 = Debug|x64
		{38ED00BF-0D0F-4A7A-B22B-C782B46D5C45}.Debug|x86.ActiveCfg = Debug|Win32
		{38ED00BF-0D0F-4A7A-B22B-C782B46D5C45}.Debug|x86.Build.0 = Debug|Win32
		{38ED00BF-0D0F-4A7A-B22B-C782B46D5C45}.Release|x64.ActiveCfg = Release|x64
		{38ED00BF-0D0F-4A7A-B22B-C782B46D5C45}.Release|x64.Build.0 = Release|x64
		{38ED00BF-0D0F-4A7A-B22B-C782B46D5C45}.Release|x86.ActiveCfg = Release|Win32
		{38ED00BF-0D0F-4A7A-B22B-C782B46D5C45}.Release|x86.Build.0 = Release|Win32
		{6419CB50-E1C6-4B33-9E7D-D9AF154FE3F9}.Debug|x64.ActiveCfg = Debug|x64
		{6419CB50-E1C6-4B33-9E7D-D9AF154FE3F9}.Debug|x64.Build.0 = Debug|x64
		{6419CB50-E1C6-4B33-9E7D-D9AF154FE3F9}.Debug|x86.ActiveCfg = Debug|Win32
		{6419CB50-E1C6-4B33-9E7D-D9AF154FE3F9}.Debug|x86.Build.0 = Debug|Win32
		{6419CB50-E1C6-4B33-9E7D-D9AF154FE3F9}.Release|x64.ActiveCfg = Release|x64
		{6419CB50-E1C6-4B33-9E7D-D9AF154FE3F9}.Release|x64.Build.0 = Release|x64
		{6419CB50-E1C6-4B33-9E7D-D9AF154FE3F9}.Release|x86.ActiveCfg = Release|Win32
		{6419CB50-E1C6-4B33-9E7D-D9AF154FE3F9}.Release|x86.Build.0 = Release|Win32
		{B5DA7E1D-A201-41CB-A3A0-31C6B337433D}.Debug|x64.ActiveCfg = Debug|x64
		{B5DA7E1D-A201-41CB-A3A0-31C6B337433D}.Debug|x64.Build.0 = Debug|x64
		{B5DA7E1D-A201-41CB-A3A0-31C6B337433D}.Debug|x86.ActiveCfg = Debug|Win32
		{B5DA7E1D-A201-41CB-A3A0-31C6B337433D}.Debug|x86.Build.0 = Debug|Win32
		{B5DA7E1D-A201-41CB-A3A0-31C6B337433D}.Release|x64.ActiveCfg = Release|x64
		{B5DA7E1D-A201-41CB-A3A0-31C6B337433D}.Release|x64.Build.0 = Release|x64
		{B5DA7E1D-A201-41CB-A3A0-31C6B337433D}.Release|x86.ActiveCfg = Release|Win32
		{B5DA7E1D-A201-41CB-A3A0-31C6B337433D}.Release|x86.Build.0 = Release|Win32
		{41F3B4A5-A3CA-4DE5-A222-4B0FFC739334}.Debug|x64.ActiveCfg = Debug|x64
		{41F3B4A5-A3CA-4DE5-A222-4B0FFC739334}.Debug|x64.Build.0 = Debug|x64
		{41F3B4A5-A3CA-4DE5-A222-4B0FFC739334}.Debug|x86.ActiveCfg = Debug|Win32
		{41F3B4A5-A3CA-4DE5-A222-4B0FFC739334}.Debug|x86.Build.0 = Debug|Win32
		{41F3B4A5-A3CA-4DE5-A222-4B0FFC739334}.Release|x64.ActiveCfg = Release|x64
		{41F3B4A5-A3CA-4DE5-A222-4B0FFC739334}.Release|x64.Build.0 = Release|x64
		{41F3B4A5-A3CA-4DE5-A222-4B0FFC739334}.Release|x86.ActiveCfg = Release|Win32
		{41F3B4A5-A3CA-4DE5-A222-4B0FFC739334}.Release|x86.Build.0 = Release|Win32
		{5F9CC672-1AE0-48DC-B9C3-B436A38BAD4D}.Debug|x64.ActiveCfg = Debug|x64
		{5F9CC672-1AE0-48DC-B9C3-B436A38BAD4D}.Debug|x64.Build.0 = Debug|x64
		{5F9CC672-1AE0-48DC-B9C3-B436A38BAD4D}.Debug|x86.ActiveCfg = Debug|Win32
		{5F9CC672-1AE0-48DC-B9C3-B436A38BAD4D}.Debug|x86.Build.0 = Debug|Win32
		{5F9CC672-1AE0-48DC-B9C3-B436A38BAD4D}.Release|x64.ActiveCfg = Release|x64
		{5F9CC672-1AE0-48DC-B9C3-B436A38BAD4D}.Release|x64.Build.0 = Release|x64
		{5F9CC672-1AE0-48DC-B9C3-B436A38BAD4D}.Release|x86.ActiveCfg = Release|Win32
		{5F9CC672-1AE0-48DC-B9C3-B436A38BAD4D}.Release|x86.Build.0 = Release|Win32
	EndGlobalSection
	GlobalSection(SolutionProperties) = preSolution
		HideSolutionNode = FALSE
	EndGlobalSection
	GlobalSection(ExtensibilityGlobals) = postSolution
		SolutionGuid = {8B1FA975-3829-4AD3-A740-CD5D85E6ED2C}
	EndGlobalSection
EndGlobal
