
Microsoft Visual Studio Solution File, Format Version 12.00
# Visual Studio 15
VisualStudioVersion = 15.0.28307.106
MinimumVisualStudioVersion = 10.0.40219.1
Project("{8BC9CEB8-8B4A-11D0-8D11-00A0C91BC942}") = "001 Mat", "001 Mat\001 Mat.vcxproj", "{06603961-E732-44DA-B1DF-71C48D25B289}"
EndProject
Project("{8BC9CEB8-8B4A-11D0-8D11-00A0C91BC942}") = "002 PrintMat", "002 PrintMat\002 PrintMat.vcxproj", "{75944E71-485A-4C52-A62F-7BA558773FAF}"
EndProject
Project("{8BC9CEB8-8B4A-11D0-8D11-00A0C91BC942}") = "003 PrintOthers", "003 PrintOthers\003 PrintOthers.vcxproj", "{553132C9-DB0E-44FB-B011-CEC11972843D}"
EndProject
Project("{8BC9CEB8-8B4A-11D0-8D11-00A0C91BC942}") = "004 BasicStruct", "004 BasicStruct\004 BasicStruct.vcxproj", "{45257C19-D651-4064-8567-780B3D7943BF}"
EndProject
Project("{8BC9CEB8-8B4A-11D0-8D11-00A0C91BC942}") = "005 BasicShape", "005 BasicShape\005 BasicShape.vcxproj", "{1EB1D289-3780-40DB-A0D6-C03A914DFB32}"
EndProject
Project("{8BC9CEB8-8B4A-11D0-8D11-00A0C91BC942}") = "006 PixerOperation", "006 PixerOperation\006 PixerOperation.vcxproj", "{A6503589-39C4-40B2-BF0C-05197A238562}"
EndProject
Project("{8BC9CEB8-8B4A-11D0-8D11-00A0C91BC942}") = "007 ColorReduce", "007 ColorReduce\007 ColorReduce.vcxproj", "{77FCFB18-4FC4-42C3-B689-98371CF301B9}"
EndProject
Project("{8BC9CEB8-8B4A-11D0-8D11-00A0C91BC942}") = "008 ROI", "008 ROI\008 ROI.vcxproj", "{16F1F315-C3B6-46CE-B301-6B0D8E3DF6A0}"
EndProject
Project("{8BC9CEB8-8B4A-11D0-8D11-00A0C91BC942}") = "009 LinearBlending", "009 LinearBlending\009 LinearBlending.vcxproj", "{DB73BDFC-A503-45A5-9FB8-29E996FBBC8B}"
EndProject
Project("{8BC9CEB8-8B4A-11D0-8D11-00A0C91BC942}") = "010 Channels", "010 Channels\010 Channels.vcxproj", "{46D3E2D9-D2F3-461C-B452-42E77F2012C7}"
EndProject
Project("{8BC9CEB8-8B4A-11D0-8D11-00A0C91BC942}") = "011 Luminance_and_Contrast", "011 Luminance_and_Contrast\011 Luminance_and_Contrast.vcxproj", "{38ED00BF-0D0F-4A7A-B22B-C782B46D5C45}"
EndProject
Project("{8BC9CEB8-8B4A-11D0-8D11-00A0C91BC942}") = "012 DFT", "012 DFT\012 DFT.vcxproj", "{6419CB50-E1C6-4B33-9E7D-D9AF154FE3F9}"
EndProject
Project("{8BC9CEB8-8B4A-11D0-8D11-00A0C91BC942}") = "013 XML", "013 XML\013 XML.vcxproj", "{B5DA7E1D-A201-41CB-A3A0-31C6B337433D}"
EndProject
Project("{8BC9CEB8-8B4A-11D0-8D11-00A0C91BC942}") = "014 Filters", "014 Filters\014 Filters.vcxproj", "{41F3B4A5-A3CA-4DE5-A222-4B0FFC739334}"
EndProject
Project("{8BC9CEB8-8B4A-11D0-8D11-00A0C91BC942}") = "015 Dilate_and_Erode", "015 Dilate_and_Erode\015 Dilate_and_Erode.vcxproj", "{5F9CC672-1AE0-48DC-B9C3-B436A38BAD4D}"
EndProject
Project("{8BC9CEB8-8B4A-11D0-8D11-00A0C91BC942}") = "016 FloodFill", "016 FloodFill\016 FloodFill.vcxproj", "{FA0DF1A8-9766-431F-958A-744160D6958B}"
EndProject
Project("{8BC9CEB8-8B4A-11D0-8D11-00A0C91BC942}") = "017 Pyr_operation", "017 Pyr_operation\017 Pyr_operation.vcxproj", "{C0E06E00-7DB1-4BB5-8C0C-C2A2D7663D9C}"
EndProject
Project("{8BC9CEB8-8B4A-11D0-8D11-00A0C91BC942}") = "018 Threshold", "018 Threshold\018 Threshold.vcxproj", "{EAAF4307-255E-4347-A4FF-BD6A35998796}"
EndProject
Project("{8BC9CEB8-8B4A-11D0-8D11-00A0C91BC942}") = "019 FindEdge", "019 FindEdge\019 FindEdge.vcxproj", "{A3BFB854-A931-488D-A2A9-EF5EFFDD629E}"
EndProject
Project("{8BC9CEB8-8B4A-11D0-8D11-00A0C91BC942}") = "020 HoughLines", "020 HoughLines\020 HoughLines.vcxproj", "{F618CAB9-AB95-426C-90BD-B1D921804AAC}"
EndProject
Project("{8BC9CEB8-8B4A-11D0-8D11-00A0C91BC942}") = "021 remap", "021 remap\021 remap.vcxproj", "{4B87C125-DC53-4A20-8127-7EC5C85C42ED}"
EndProject
Project("{8BC9CEB8-8B4A-11D0-8D11-00A0C91BC942}") = "022 Affine_Map", "022 Affine_Map\022 Affine_Map.vcxproj", "{A9937FD2-9508-4FBA-9FB5-D1E632E2349F}"
EndProject
Project("{8BC9CEB8-8B4A-11D0-8D11-00A0C91BC942}") = "023 Contours", "023 Contours\023 Contours.vcxproj", "{51DEC52C-8579-4E31-A850-17B5CE4BBA1E}"
EndProject
Project("{8BC9CEB8-8B4A-11D0-8D11-00A0C91BC942}") = "024 ConvexHull", "024 ConvexHull\024 ConvexHull.vcxproj", "{9416BC68-B9B6-43C3-BACC-81A46FC1566C}"
EndProject
Project("{8BC9CEB8-8B4A-11D0-8D11-00A0C91BC942}") = "025 Watershed", "025 Watershed\025 Watershed.vcxproj", "{49034079-3B44-49E5-8AC7-81F4938222F4}"
EndProject
Project("{8BC9CEB8-8B4A-11D0-8D11-00A0C91BC942}") = "026 Inpaint", "026 Inpaint\026 Inpaint.vcxproj", "{50D625FA-08B7-459B-B8EB-60614F59C4D0}"
EndProject
Project("{8BC9CEB8-8B4A-11D0-8D11-00A0C91BC942}") = "027 Histogram", "027 Histogram\027 Histogram.vcxproj", "{0FA08157-8E24-411A-81CB-71D5F57E5CB1}"
EndProject
Global
	GlobalSection(SolutionConfigurationPlatforms) = preSolution
		Debug|x64 = Debug|x64
		Debug|x86 = Debug|x86
		Release|x64 = Release|x64
		Release|x86 = Release|x86
	EndGlobalSection
	GlobalSection(ProjectConfigurationPlatforms) = postSolution
		{06603961-E732-44DA-B1DF-71C48D25B289}.Debug|x64.ActiveCfg = Debug|x64
		{06603961-E732-44DA-B1DF-71C48D25B289}.Debug|x64.Build.0 = Debug|x64
		{06603961-E732-44DA-B1DF-71C48D25B289}.Debug|x86.ActiveCfg = Debug|Win32
		{06603961-E732-44DA-B1DF-71C48D25B289}.Debug|x86.Build.0 = Debug|Win32
		{06603961-E732-44DA-B1DF-71C48D25B289}.Release|x64.ActiveCfg = Release|x64
		{06603961-E732-44DA-B1DF-71C48D25B289}.Release|x64.Build.0 = Release|x64
		{06603961-E732-44DA-B1DF-71C48D25B289}.Release|x86.ActiveCfg = Release|Win32
		{06603961-E732-44DA-B1DF-71C48D25B289}.Release|x86.Build.0 = Release|Win32
		{75944E71-485A-4C52-A62F-7BA558773FAF}.Debug|x64.ActiveCfg = Debug|x64
		{75944E71-485A-4C52-A62F-7BA558773FAF}.Debug|x64.Build.0 = Debug|x64
		{75944E71-485A-4C52-A62F-7BA558773FAF}.Debug|x86.ActiveCfg = Debug|Win32
		{75944E71-485A-4C52-A62F-7BA558773FAF}.Debug|x86.Build.0 = Debug|Win32
		{75944E71-485A-4C52-A62F-7BA558773FAF}.Release|x64.ActiveCfg = Release|x64
		{75944E71-485A-4C52-A62F-7BA558773FAF}.Release|x64.Build.0 = Release|x64
		{75944E71-485A-4C52-A62F-7BA558773FAF}.Release|x86.ActiveCfg = Release|Win32
		{75944E71-485A-4C52-A62F-7BA558773FAF}.Release|x86.Build.0 = Release|Win32
		{553132C9-DB0E-44FB-B011-CEC11972843D}.Debug|x64.ActiveCfg = Debug|x64
		{553132C9-DB0E-44FB-B011-CEC11972843D}.Debug|x64.Build.0 = Debug|x64
		{553132C9-DB0E-44FB-B011-CEC11972843D}.Debug|x86.ActiveCfg = Debug|Win32
		{553132C9-DB0E-44FB-B011-CEC11972843D}.Debug|x86.Build.0 = Debug|Win32
		{553132C9-DB0E-44FB-B011-CEC11972843D}.Release|x64.ActiveCfg = Release|x64
		{553132C9-DB0E-44FB-B011-CEC11972843D}.Release|x64.Build.0 = Release|x64
		{553132C9-DB0E-44FB-B011-CEC11972843D}.Release|x86.ActiveCfg = Release|Win32
		{553132C9-DB0E-44FB-B011-CEC11972843D}.Release|x86.Build.0 = Release|Win32
		{45257C19-D651-4064-8567-780B3D7943BF}.Debug|x64.ActiveCfg = Debug|x64
		{45257C19-D651-4064-8567-780B3D7943BF}.Debug|x64.Build.0 = Debug|x64
		{45257C19-D651-4064-8567-780B3D7943BF}.Debug|x86.ActiveCfg = Debug|Win32
		{45257C19-D651-4064-8567-780B3D7943BF}.Debug|x86.Build.0 = Debug|Win32
		{45257C19-D651-4064-8567-780B3D7943BF}.Release|x64.ActiveCfg = Release|x64
		{45257C19-D651-4064-8567-780B3D7943BF}.Release|x64.Build.0 = Release|x64
		{45257C19-D651-4064-8567-780B3D7943BF}.Release|x86.ActiveCfg = Release|Win32
		{45257C19-D651-4064-8567-780B3D7943BF}.Release|x86.Build.0 = Release|Win32
		{1EB1D289-3780-40DB-A0D6-C03A914DFB32}.Debug|x64.ActiveCfg = Debug|x64
		{1EB1D289-3780-40DB-A0D6-C03A914DFB32}.Debug|x64.Build.0 = Debug|x64
		{1EB1D289-3780-40DB-A0D6-C03A914DFB32}.Debug|x86.ActiveCfg = Debug|Win32
		{1EB1D289-3780-40DB-A0D6-C03A914DFB32}.Debug|x86.Build.0 = Debug|Win32
		{1EB1D289-3780-40DB-A0D6-C03A914DFB32}.Release|x64.ActiveCfg = Release|x64
		{1EB1D289-3780-40DB-A0D6-C03A914DFB32}.Release|x64.Build.0 = Release|x64
		{1EB1D289-3780-40DB-A0D6-C03A914DFB32}.Release|x86.ActiveCfg = Release|Win32
		{1EB1D289-3780-40DB-A0D6-C03A914DFB32}.Release|x86.Build.0 = Release|Win32
		{A6503589-39C4-40B2-BF0C-05197A238562}.Debug|x64.ActiveCfg = Debug|x64
		{A6503589-39C4-40B2-BF0C-05197A238562}.Debug|x64.Build.0 = Debug|x64
		{A6503589-39C4-40B2-BF0C-05197A238562}.Debug|x86.ActiveCfg = Debug|Win32
		{A6503589-39C4-40B2-BF0C-05197A238562}.Debug|x86.Build.0 = Debug|Win32
		{A6503589-39C4-40B2-BF0C-05197A238562}.Release|x64.ActiveCfg = Release|x64
		{A6503589-39C4-40B2-BF0C-05197A238562}.Release|x64.Build.0 = Release|x64
		{A6503589-39C4-40B2-BF0C-05197A238562}.Release|x86.ActiveCfg = Release|Win32
		{A6503589-39C4-40B2-BF0C-05197A238562}.Release|x86.Build.0 = Release|Win32
		{77FCFB18-4FC4-42C3-B689-98371CF301B9}.Debug|x64.ActiveCfg = Debug|x64
		{77FCFB18-4FC4-42C3-B689-98371CF301B9}.Debug|x64.Build.0 = Debug|x64
		{77FCFB18-4FC4-42C3-B689-98371CF301B9}.Debug|x86.ActiveCfg = Debug|Win32
		{77FCFB18-4FC4-42C3-B689-98371CF301B9}.Debug|x86.Build.0 = Debug|Win32
		{77FCFB18-4FC4-42C3-B689-98371CF301B9}.Release|x64.ActiveCfg = Release|x64
		{77FCFB18-4FC4-42C3-B689-98371CF301B9}.Release|x64.Build.0 = Release|x64
		{77FCFB18-4FC4-42C3-B689-98371CF301B9}.Release|x86.ActiveCfg = Release|Win32
		{77FCFB18-4FC4-42C3-B689-98371CF301B9}.Release|x86.Build.0 = Release|Win32
		{16F1F315-C3B6-46CE-B301-6B0D8E3DF6A0}.Debug|x64.ActiveCfg = Debug|x64
		{16F1F315-C3B6-46CE-B301-6B0D8E3DF6A0}.Debug|x64.Build.0 = Debug|x64
		{16F1F315-C3B6-46CE-B301-6B0D8E3DF6A0}.Debug|x86.ActiveCfg = Debug|Win32
		{16F1F315-C3B6-46CE-B301-6B0D8E3DF6A0}.Debug|x86.Build.0 = Debug|Win32
		{16F1F315-C3B6-46CE-B301-6B0D8E3DF6A0}.Release|x64.ActiveCfg = Release|x64
		{16F1F315-C3B6-46CE-B301-6B0D8E3DF6A0}.Release|x64.Build.0 = Release|x64
		{16F1F315-C3B6-46CE-B301-6B0D8E3DF6A0}.Release|x86.ActiveCfg = Release|Win32
		{16F1F315-C3B6-46CE-B301-6B0D8E3DF6A0}.Release|x86.Build.0 = Release|Win32
		{DB73BDFC-A503-45A5-9FB8-29E996FBBC8B}.Debug|x64.ActiveCfg = Debug|x64
		{DB73BDFC-A503-45A5-9FB8-29E996FBBC8B}.Debug|x64.Build.0 = Debug|x64
		{DB73BDFC-A503-45A5-9FB8-29E996FBBC8B}.Debug|x86.ActiveCfg = Debug|Win32
		{DB73BDFC-A503-45A5-9FB8-29E996FBBC8B}.Debug|x86.Build.0 = Debug|Win32
		{DB73BDFC-A503-45A5-9FB8-29E996FBBC8B}.Release|x64.ActiveCfg = Release|x64
		{DB73BDFC-A503-45A5-9FB8-29E996FBBC8B}.Release|x64.Build.0 = Release|x64
		{DB73BDFC-A503-45A5-9FB8-29E996FBBC8B}.Release|x86.ActiveCfg = Release|Win32
		{DB73BDFC-A503-45A5-9FB8-29E996FBBC8B}.Release|x86.Build.0 = Release|Win32
		{46D3E2D9-D2F3-461C-B452-42E77F2012C7}.Debug|x64.ActiveCfg = Debug|x64
		{46D3E2D9-D2F3-461C-B452-42E77F2012C7}.Debug|x64.Build.0 = Debug|x64
		{46D3E2D9-D2F3-461C-B452-42E77F2012C7}.Debug|x86.ActiveCfg = Debug|Win32
		{46D3E2D9-D2F3-461C-B452-42E77F2012C7}.Debug|x86.Build.0 = Debug|Win32
		{46D3E2D9-D2F3-461C-B452-42E77F2012C7}.Release|x64.ActiveCfg = Release|x64
		{46D3E2D9-D2F3-461C-B452-42E77F2012C7}.Release|x64.Build.0 = Release|x64
		{46D3E2D9-D2F3-461C-B452-42E77F2012C7}.Release|x86.ActiveCfg = Release|Win32
		{46D3E2D9-D2F3-461C-B452-42E77F2012C7}.Release|x86.Build.0 = Release|Win32
		{38ED00BF-0D0F-4A7A-B22B-C782B46D5C45}.Debug|x64.ActiveCfg = Debug|x64
		{38ED00BF-0D0F-4A7A-B22B-C782B46D5C45}.Debug|x64.Build.0 = Debug|x64
		{38ED00BF-0D0F-4A7A-B22B-C782B46D5C45}.Debug|x86.ActiveCfg = Debug|Win32
		{38ED00BF-0D0F-4A7A-B22B-C782B46D5C45}.Debug|x86.Build.0 = Debug|Win32
		{38ED00BF-0D0F-4A7A-B22B-C782B46D5C45}.Release|x64.ActiveCfg = Release|x64
		{38ED00BF-0D0F-4A7A-B22B-C782B46D5C45}.Release|x64.Build.0 = Release|x64
		{38ED00BF-0D0F-4A7A-B22B-C782B46D5C45}.Release|x86.ActiveCfg = Release|Win32
		{38ED00BF-0D0F-4A7A-B22B-C782B46D5C45}.Release|x86.Build.0 = Release|Win32
		{6419CB50-E1C6-4B33-9E7D-D9AF154FE3F9}.Debug|x64.ActiveCfg = Debug|x64
		{6419CB50-E1C6-4B33-9E7D-D9AF154FE3F9}.Debug|x64.Build.0 = Debug|x64
		{6419CB50-E1C6-4B33-9E7D-D9AF154FE3F9}.Debug|x86.ActiveCfg = Debug|Win32
		{6419CB50-E1C6-4B33-9E7D-D9AF154FE3F9}.Debug|x86.Build.0 = Debug|Win32
		{6419CB50-E1C6-4B33-9E7D-D9AF154FE3F9}.Release|x64.ActiveCfg = Release|x64
		{6419CB50-E1C6-4B33-9E7D-D9AF154FE3F9}.Release|x64.Build.0 = Release|x64
		{6419CB50-E1C6-4B33-9E7D-D9AF154FE3F9}.Release|x86.ActiveCfg = Release|Win32
		{6419CB50-E1C6-4B33-9E7D-D9AF154FE3F9}.Release|x86.Build.0 = Release|Win32
		{B5DA7E1D-A201-41CB-A3A0-31C6B337433D}.Debug|x64.ActiveCfg = Debug|x64
		{B5DA7E1D-A201-41CB-A3A0-31C6B337433D}.Debug|x64.Build.0 = Debug|x64
		{B5DA7E1D-A201-41CB-A3A0-31C6B337433D}.Debug|x86.ActiveCfg = Debug|Win32
		{B5DA7E1D-A201-41CB-A3A0-31C6B337433D}.Debug|x86.Build.0 = Debug|Win32
		{B5DA7E1D-A201-41CB-A3A0-31C6B337433D}.Release|x64.ActiveCfg = Release|x64
		{B5DA7E1D-A201-41CB-A3A0-31C6B337433D}.Release|x64.Build.0 = Release|x64
		{B5DA7E1D-A201-41CB-A3A0-31C6B337433D}.Release|x86.ActiveCfg = Release|Win32
		{B5DA7E1D-A201-41CB-A3A0-31C6B337433D}.Release|x86.Build.0 = Release|Win32
		{41F3B4A5-A3CA-4DE5-A222-4B0FFC739334}.Debug|x64.ActiveCfg = Debug|x64
		{41F3B4A5-A3CA-4DE5-A222-4B0FFC739334}.Debug|x64.Build.0 = Debug|x64
		{41F3B4A5-A3CA-4DE5-A222-4B0FFC739334}.Debug|x86.ActiveCfg = Debug|Win32
		{41F3B4A5-A3CA-4DE5-A222-4B0FFC739334}.Debug|x86.Build.0 = Debug|Win32
		{41F3B4A5-A3CA-4DE5-A222-4B0FFC739334}.Release|x64.ActiveCfg = Release|x64
		{41F3B4A5-A3CA-4DE5-A222-4B0FFC739334}.Release|x64.Build.0 = Release|x64
		{41F3B4A5-A3CA-4DE5-A222-4B0FFC739334}.Release|x86.ActiveCfg = Release|Win32
		{41F3B4A5-A3CA-4DE5-A222-4B0FFC739334}.Release|x86.Build.0 = Release|Win32
		{5F9CC672-1AE0-48DC-B9C3-B436A38BAD4D}.Debug|x64.ActiveCfg = Debug|x64
		{5F9CC672-1AE0-48DC-B9C3-B436A38BAD4D}.Debug|x64.Build.0 = Debug|x64
		{5F9CC672-1AE0-48DC-B9C3-B436A38BAD4D}.Debug|x86.ActiveCfg = Debug|Win32
		{5F9CC672-1AE0-48DC-B9C3-B436A38BAD4D}.Debug|x86.Build.0 = Debug|Win32
		{5F9CC672-1AE0-48DC-B9C3-B436A38BAD4D}.Release|x64.ActiveCfg = Release|x64
		{5F9CC672-1AE0-48DC-B9C3-B436A38BAD4D}.Release|x64.Build.0 = Release|x64
		{5F9CC672-1AE0-48DC-B9C3-B436A38BAD4D}.Release|x86.ActiveCfg = Release|Win32
		{5F9CC672-1AE0-48DC-B9C3-B436A38BAD4D}.Release|x86.Build.0 = Release|Win32
		{FA0DF1A8-9766-431F-958A-744160D6958B}.Debug|x64.ActiveCfg = Debug|x64
		{FA0DF1A8-9766-431F-958A-744160D6958B}.Debug|x64.Build.0 = Debug|x64
		{FA0DF1A8-9766-431F-958A-744160D6958B}.Debug|x86.ActiveCfg = Debug|Win32
		{FA0DF1A8-9766-431F-958A-744160D6958B}.Debug|x86.Build.0 = Debug|Win32
		{FA0DF1A8-9766-431F-958A-744160D6958B}.Release|x64.ActiveCfg = Release|x64
		{FA0DF1A8-9766-431F-958A-744160D6958B}.Release|x64.Build.0 = Release|x64
		{FA0DF1A8-9766-431F-958A-744160D6958B}.Release|x86.ActiveCfg = Release|Win32
		{FA0DF1A8-9766-431F-958A-744160D6958B}.Release|x86.Build.0 = Release|Win32
		{C0E06E00-7DB1-4BB5-8C0C-C2A2D7663D9C}.Debug|x64.ActiveCfg = Debug|x64
		{C0E06E00-7DB1-4BB5-8C0C-C2A2D7663D9C}.Debug|x64.Build.0 = Debug|x64
		{C0E06E00-7DB1-4BB5-8C0C-C2A2D7663D9C}.Debug|x86.ActiveCfg = Debug|Win32
		{C0E06E00-7DB1-4BB5-8C0C-C2A2D7663D9C}.Debug|x86.Build.0 = Debug|Win32
		{C0E06E00-7DB1-4BB5-8C0C-C2A2D7663D9C}.Release|x64.ActiveCfg = Release|x64
		{C0E06E00-7DB1-4BB5-8C0C-C2A2D7663D9C}.Release|x64.Build.0 = Release|x64
		{C0E06E00-7DB1-4BB5-8C0C-C2A2D7663D9C}.Release|x86.ActiveCfg = Release|Win32
		{C0E06E00-7DB1-4BB5-8C0C-C2A2D7663D9C}.Release|x86.Build.0 = Release|Win32
		{EAAF4307-255E-4347-A4FF-BD6A35998796}.Debug|x64.ActiveCfg = Debug|x64
		{EAAF4307-255E-4347-A4FF-BD6A35998796}.Debug|x64.Build.0 = Debug|x64
		{EAAF4307-255E-4347-A4FF-BD6A35998796}.Debug|x86.ActiveCfg = Debug|Win32
		{EAAF4307-255E-4347-A4FF-BD6A35998796}.Debug|x86.Build.0 = Debug|Win32
		{EAAF4307-255E-4347-A4FF-BD6A35998796}.Release|x64.ActiveCfg = Release|x64
		{EAAF4307-255E-4347-A4FF-BD6A35998796}.Release|x64.Build.0 = Release|x64
		{EAAF4307-255E-4347-A4FF-BD6A35998796}.Release|x86.ActiveCfg = Release|Win32
		{EAAF4307-255E-4347-A4FF-BD6A35998796}.Release|x86.Build.0 = Release|Win32
		{A3BFB854-A931-488D-A2A9-EF5EFFDD629E}.Debug|x64.ActiveCfg = Debug|x64
		{A3BFB854-A931-488D-A2A9-EF5EFFDD629E}.Debug|x64.Build.0 = Debug|x64
		{A3BFB854-A931-488D-A2A9-EF5EFFDD629E}.Debug|x86.ActiveCfg = Debug|Win32
		{A3BFB854-A931-488D-A2A9-EF5EFFDD629E}.Debug|x86.Build.0 = Debug|Win32
		{A3BFB854-A931-488D-A2A9-EF5EFFDD629E}.Release|x64.ActiveCfg = Release|x64
		{A3BFB854-A931-488D-A2A9-EF5EFFDD629E}.Release|x64.Build.0 = Release|x64
		{A3BFB854-A931-488D-A2A9-EF5EFFDD629E}.Release|x86.ActiveCfg = Release|Win32
		{A3BFB854-A931-488D-A2A9-EF5EFFDD629E}.Release|x86.Build.0 = Release|Win32
		{F618CAB9-AB95-426C-90BD-B1D921804AAC}.Debug|x64.ActiveCfg = Debug|x64
		{F618CAB9-AB95-426C-90BD-B1D921804AAC}.Debug|x64.Build.0 = Debug|x64
		{F618CAB9-AB95-426C-90BD-B1D921804AAC}.Debug|x86.ActiveCfg = Debug|Win32
		{F618CAB9-AB95-426C-90BD-B1D921804AAC}.Debug|x86.Build.0 = Debug|Win32
		{F618CAB9-AB95-426C-90BD-B1D921804AAC}.Release|x64.ActiveCfg = Release|x64
		{F618CAB9-AB95-426C-90BD-B1D921804AAC}.Release|x64.Build.0 = Release|x64
		{F618CAB9-AB95-426C-90BD-B1D921804AAC}.Release|x86.ActiveCfg = Release|Win32
		{F618CAB9-AB95-426C-90BD-B1D921804AAC}.Release|x86.Build.0 = Release|Win32
		{4B87C125-DC53-4A20-8127-7EC5C85C42ED}.Debug|x64.ActiveCfg = Debug|x64
		{4B87C125-DC53-4A20-8127-7EC5C85C42ED}.Debug|x64.Build.0 = Debug|x64
		{4B87C125-DC53-4A20-8127-7EC5C85C42ED}.Debug|x86.ActiveCfg = Debug|Win32
		{4B87C125-DC53-4A20-8127-7EC5C85C42ED}.Debug|x86.Build.0 = Debug|Win32
		{4B87C125-DC53-4A20-8127-7EC5C85C42ED}.Release|x64.ActiveCfg = Release|x64
		{4B87C125-DC53-4A20-8127-7EC5C85C42ED}.Release|x64.Build.0 = Release|x64
		{4B87C125-DC53-4A20-8127-7EC5C85C42ED}.Release|x86.ActiveCfg = Release|Win32
		{4B87C125-DC53-4A20-8127-7EC5C85C42ED}.Release|x86.Build.0 = Release|Win32
		{A9937FD2-9508-4FBA-9FB5-D1E632E2349F}.Debug|x64.ActiveCfg = Debug|x64
		{A9937FD2-9508-4FBA-9FB5-D1E632E2349F}.Debug|x64.Build.0 = Debug|x64
		{A9937FD2-9508-4FBA-9FB5-D1E632E2349F}.Debug|x86.ActiveCfg = Debug|Win32
		{A9937FD2-9508-4FBA-9FB5-D1E632E2349F}.Debug|x86.Build.0 = Debug|Win32
		{A9937FD2-9508-4FBA-9FB5-D1E632E2349F}.Release|x64.ActiveCfg = Release|x64
		{A9937FD2-9508-4FBA-9FB5-D1E632E2349F}.Release|x64.Build.0 = Release|x64
		{A9937FD2-9508-4FBA-9FB5-D1E632E2349F}.Release|x86.ActiveCfg = Release|Win32
		{A9937FD2-9508-4FBA-9FB5-D1E632E2349F}.Release|x86.Build.0 = Release|Win32
		{51DEC52C-8579-4E31-A850-17B5CE4BBA1E}.Debug|x64.ActiveCfg = Debug|x64
		{51DEC52C-8579-4E31-A850-17B5CE4BBA1E}.Debug|x64.Build.0 = Debug|x64
		{51DEC52C-8579-4E31-A850-17B5CE4BBA1E}.Debug|x86.ActiveCfg = Debug|Win32
		{51DEC52C-8579-4E31-A850-17B5CE4BBA1E}.Debug|x86.Build.0 = Debug|Win32
		{51DEC52C-8579-4E31-A850-17B5CE4BBA1E}.Release|x64.ActiveCfg = Release|x64
		{51DEC52C-8579-4E31-A850-17B5CE4BBA1E}.Release|x64.Build.0 = Release|x64
		{51DEC52C-8579-4E31-A850-17B5CE4BBA1E}.Release|x86.ActiveCfg = Release|Win32
		{51DEC52C-8579-4E31-A850-17B5CE4BBA1E}.Release|x86.Build.0 = Release|Win32
		{9416BC68-B9B6-43C3-BACC-81A46FC1566C}.Debug|x64.ActiveCfg = Debug|x64
		{9416BC68-B9B6-43C3-BACC-81A46FC1566C}.Debug|x64.Build.0 = Debug|x64
		{9416BC68-B9B6-43C3-BACC-81A46FC1566C}.Debug|x86.ActiveCfg = Debug|Win32
		{9416BC68-B9B6-43C3-BACC-81A46FC1566C}.Debug|x86.Build.0 = Debug|Win32
		{9416BC68-B9B6-43C3-BACC-81A46FC1566C}.Release|x64.ActiveCfg = Release|x64
		{9416BC68-B9B6-43C3-BACC-81A46FC1566C}.Release|x64.Build.0 = Release|x64
		{9416BC68-B9B6-43C3-BACC-81A46FC1566C}.Release|x86.ActiveCfg = Release|Win32
		{9416BC68-B9B6-43C3-BACC-81A46FC1566C}.Release|x86.Build.0 = Release|Win32
		{49034079-3B44-49E5-8AC7-81F4938222F4}.Debug|x64.ActiveCfg = Debug|x64
		{49034079-3B44-49E5-8AC7-81F4938222F4}.Debug|x64.Build.0 = Debug|x64
		{49034079-3B44-49E5-8AC7-81F4938222F4}.Debug|x86.ActiveCfg = Debug|Win32
		{49034079-3B44-49E5-8AC7-81F4938222F4}.Debug|x86.Build.0 = Debug|Win32
		{49034079-3B44-49E5-8AC7-81F4938222F4}.Release|x64.ActiveCfg = Release|x64
		{49034079-3B44-49E5-8AC7-81F4938222F4}.Release|x64.Build.0 = Release|x64
		{49034079-3B44-49E5-8AC7-81F4938222F4}.Release|x86.ActiveCfg = Release|Win32
		{49034079-3B44-49E5-8AC7-81F4938222F4}.Release|x86.Build.0 = Release|Win32
		{50D625FA-08B7-459B-B8EB-60614F59C4D0}.Debug|x64.ActiveCfg = Debug|x64
		{50D625FA-08B7-459B-B8EB-60614F59C4D0}.Debug|x64.Build.0 = Debug|x64
		{50D625FA-08B7-459B-B8EB-60614F59C4D0}.Debug|x86.ActiveCfg = Debug|Win32
		{50D625FA-08B7-459B-B8EB-60614F59C4D0}.Debug|x86.Build.0 = Debug|Win32
		{50D625FA-08B7-459B-B8EB-60614F59C4D0}.Release|x64.ActiveCfg = Release|x64
		{50D625FA-08B7-459B-B8EB-60614F59C4D0}.Release|x64.Build.0 = Release|x64
		{50D625FA-08B7-459B-B8EB-60614F59C4D0}.Release|x86.ActiveCfg = Release|Win32
		{50D625FA-08B7-459B-B8EB-60614F59C4D0}.Release|x86.Build.0 = Release|Win32
		{0FA08157-8E24-411A-81CB-71D5F57E5CB1}.Debug|x64.ActiveCfg = Debug|x64
		{0FA08157-8E24-411A-81CB-71D5F57E5CB1}.Debug|x64.Build.0 = Debug|x64
		{0FA08157-8E24-411A-81CB-71D5F57E5CB1}.Debug|x86.ActiveCfg = Debug|Win32
		{0FA08157-8E24-411A-81CB-71D5F57E5CB1}.Debug|x86.Build.0 = Debug|Win32
		{0FA08157-8E24-411A-81CB-71D5F57E5CB1}.Release|x64.ActiveCfg = Release|x64
		{0FA08157-8E24-411A-81CB-71D5F57E5CB1}.Release|x64.Build.0 = Release|x64
		{0FA08157-8E24-411A-81CB-71D5F57E5CB1}.Release|x86.ActiveCfg = Release|Win32
		{0FA08157-8E24-411A-81CB-71D5F57E5CB1}.Release|x86.Build.0 = Release|Win32
	EndGlobalSection
	GlobalSection(SolutionProperties) = preSolution
		HideSolutionNode = FALSE
	EndGlobalSection
	GlobalSection(ExtensibilityGlobals) = postSolution
		SolutionGuid = {8B1FA975-3829-4AD3-A740-CD5D85E6ED2C}
	EndGlobalSection
EndGlobal
